
Microsoft Visual Studio Solution File, Format Version 12.00
# Visual Studio Version 17
VisualStudioVersion = 17.3.32825.248
MinimumVisualStudioVersion = 10.0.40219.1
Project("{FAE04EC0-301F-11D3-BF4B-00C04F79EFBC}") = "Muziek", "Muziek\Muziek.csproj", "{89466F49-36DB-4035-8876-236A1E215290}"
EndProject
Global
	GlobalSection(SolutionConfigurationPlatforms) = preSolution
		Debug|Any CPU = Debug|Any CPU
		Release|Any CPU = Release|Any CPU
	EndGlobalSection
	GlobalSection(ProjectConfigurationPlatforms) = postSolution
		{89466F49-36DB-4035-8876-236A1E215290}.Debug|Any CPU.ActiveCfg = Debug|Any CPU
		{89466F49-36DB-4035-8876-236A1E215290}.Debug|Any CPU.Build.0 = Debug|Any CPU
		{89466F49-36DB-4035-8876-236A1E215290}.Release|Any CPU.ActiveCfg = Release|Any CPU
		{89466F49-36DB-4035-8876-236A1E215290}.Release|Any CPU.Build.0 = Release|Any CPU
	EndGlobalSection
	GlobalSection(SolutionProperties) = preSolution
		HideSolutionNode = FALSE
	EndGlobalSection
	GlobalSection(ExtensibilityGlobals) = postSolution
		SolutionGuid = {5C244662-F8B0-456A-AB0F-B5BA7D7515BF}
	EndGlobalSection
EndGlobal
